// !$*UTF8*$!
{
	archiveVersion = 1;
	classes = {
	};
	objectVersion = 50;
	objects = {

/* Begin PBXBuildFile section */
		3B05F0BC24A8AFA00033F768 /* AppDelegate.swift in Sources */ = {isa = PBXBuildFile; fileRef = 3B05F0BB24A8AFA00033F768 /* AppDelegate.swift */; };
		3B05F0BE24A8AFA00033F768 /* SceneDelegate.swift in Sources */ = {isa = PBXBuildFile; fileRef = 3B05F0BD24A8AFA00033F768 /* SceneDelegate.swift */; };
		3B05F0C024A8AFA00033F768 /* ContentView.swift in Sources */ = {isa = PBXBuildFile; fileRef = 3B05F0BF24A8AFA00033F768 /* ContentView.swift */; };
		3B05F0C224A8AFA00033F768 /* Assets.xcassets in Resources */ = {isa = PBXBuildFile; fileRef = 3B05F0C124A8AFA00033F768 /* Assets.xcassets */; };
		3B05F0C524A8AFA00033F768 /* Preview Assets.xcassets in Resources */ = {isa = PBXBuildFile; fileRef = 3B05F0C424A8AFA00033F768 /* Preview Assets.xcassets */; };
		3B05F0C824A8AFA00033F768 /* LaunchScreen.storyboard in Resources */ = {isa = PBXBuildFile; fileRef = 3B05F0C624A8AFA00033F768 /* LaunchScreen.storyboard */; };
		3B05F0D124A8B09B0033F768 /* StatusData.swift in Sources */ = {isa = PBXBuildFile; fileRef = 3B05F0D024A8B09B0033F768 /* StatusData.swift */; };
		3BA5E93324A8B31800736B3D /* ColorUtility.swift in Sources */ = {isa = PBXBuildFile; fileRef = 3BA5E93224A8B31800736B3D /* ColorUtility.swift */; };
/* End PBXBuildFile section */

/* Begin PBXFileReference section */
		3B05F0B824A8AFA00033F768 /* WidgetDemo.app */ = {isa = PBXFileReference; explicitFileType = wrapper.application; includeInIndex = 0; path = WidgetDemo.app; sourceTree = BUILT_PRODUCTS_DIR; };
		3B05F0BB24A8AFA00033F768 /* AppDelegate.swift */ = {isa = PBXFileReference; lastKnownFileType = sourcecode.swift; path = AppDelegate.swift; sourceTree = "<group>"; };
		3B05F0BD24A8AFA00033F768 /* SceneDelegate.swift */ = {isa = PBXFileReference; lastKnownFileType = sourcecode.swift; path = SceneDelegate.swift; sourceTree = "<group>"; };
		3B05F0BF24A8AFA00033F768 /* ContentView.swift */ = {isa = PBXFileReference; lastKnownFileType = sourcecode.swift; path = ContentView.swift; sourceTree = "<group>"; };
		3B05F0C124A8AFA00033F768 /* Assets.xcassets */ = {isa = PBXFileReference; lastKnownFileType = folder.assetcatalog; path = Assets.xcassets; sourceTree = "<group>"; };
		3B05F0C424A8AFA00033F768 /* Preview Assets.xcassets */ = {isa = PBXFileReference; lastKnownFileType = folder.assetcatalog; path = "Preview Assets.xcassets"; sourceTree = "<group>"; };
		3B05F0C724A8AFA00033F768 /* Base */ = {isa = PBXFileReference; lastKnownFileType = file.storyboard; name = Base; path = Base.lproj/LaunchScreen.storyboard; sourceTree = "<group>"; };
		3B05F0C924A8AFA00033F768 /* Info.plist */ = {isa = PBXFileReference; lastKnownFileType = text.plist.xml; path = Info.plist; sourceTree = "<group>"; };
		3B05F0D024A8B09B0033F768 /* StatusData.swift */ = {isa = PBXFileReference; lastKnownFileType = sourcecode.swift; path = StatusData.swift; sourceTree = "<group>"; };
		3BA5E93224A8B31800736B3D /* ColorUtility.swift */ = {isa = PBXFileReference; lastKnownFileType = sourcecode.swift; path = ColorUtility.swift; sourceTree = "<group>"; };
/* End PBXFileReference section */

/* Begin PBXFrameworksBuildPhase section */
		3B05F0B524A8AFA00033F768 /* Frameworks */ = {
			isa = PBXFrameworksBuildPhase;
			buildActionMask = 2147483647;
			files = (
			);
			runOnlyForDeploymentPostprocessing = 0;
		};
/* End PBXFrameworksBuildPhase section */

/* Begin PBXGroup section */
		3B05F0AF24A8AFA00033F768 = {
			isa = PBXGroup;
			children = (
				3B05F0BA24A8AFA00033F768 /* WidgetDemo */,
				3B05F0B924A8AFA00033F768 /* Products */,
			);
			sourceTree = "<group>";
		};
		3B05F0B924A8AFA00033F768 /* Products */ = {
			isa = PBXGroup;
			children = (
				3B05F0B824A8AFA00033F768 /* WidgetDemo.app */,
			);
			name = Products;
			sourceTree = "<group>";
		};
		3B05F0BA24A8AFA00033F768 /* WidgetDemo */ = {
			isa = PBXGroup;
			children = (
				3BA5E93124A8B30800736B3D /* Utility */,
				3B05F0CF24A8B0900033F768 /* Model */,
				3B05F0BB24A8AFA00033F768 /* AppDelegate.swift */,
				3B05F0BD24A8AFA00033F768 /* SceneDelegate.swift */,
				3B05F0BF24A8AFA00033F768 /* ContentView.swift */,
				3B05F0C124A8AFA00033F768 /* Assets.xcassets */,
				3B05F0C624A8AFA00033F768 /* LaunchScreen.storyboard */,
				3B05F0C924A8AFA00033F768 /* Info.plist */,
				3B05F0C324A8AFA00033F768 /* Preview Content */,
			);
			path = WidgetDemo;
			sourceTree = "<group>";
		};
		3B05F0C324A8AFA00033F768 /* Preview Content */ = {
			isa = PBXGroup;
			children = (
				3B05F0C424A8AFA00033F768 /* Preview Assets.xcassets */,
			);
			path = "Preview Content";
			sourceTree = "<group>";
		};
		3B05F0CF24A8B0900033F768 /* Model */ = {
			isa = PBXGroup;
			children = (
				3B05F0D024A8B09B0033F768 /* StatusData.swift */,
			);
			path = Model;
			sourceTree = "<group>";
		};
		3BA5E93124A8B30800736B3D /* Utility */ = {
			isa = PBXGroup;
			children = (
				3BA5E93224A8B31800736B3D /* ColorUtility.swift */,
			);
			path = Utility;
			sourceTree = "<group>";
		};
/* End PBXGroup section */

/* Begin PBXNativeTarget section */
		3B05F0B724A8AFA00033F768 /* WidgetDemo */ = {
			isa = PBXNativeTarget;
			buildConfigurationList = 3B05F0CC24A8AFA00033F768 /* Build configuration list for PBXNativeTarget "WidgetDemo" */;
			buildPhases = (
				3B05F0B424A8AFA00033F768 /* Sources */,
				3B05F0B524A8AFA00033F768 /* Frameworks */,
				3B05F0B624A8AFA00033F768 /* Resources */,
			);
			buildRules = (
			);
			dependencies = (
			);
			name = WidgetDemo;
			productName = WidgetDemo;
			productReference = 3B05F0B824A8AFA00033F768 /* WidgetDemo.app */;
			productType = "com.apple.product-type.application";
		};
/* End PBXNativeTarget section */

/* Begin PBXProject section */
		3B05F0B024A8AFA00033F768 /* Project object */ = {
			isa = PBXProject;
			attributes = {
				LastSwiftUpdateCheck = 1150;
				LastUpgradeCheck = 1200;
				ORGANIZATIONNAME = TZ;
				TargetAttributes = {
					3B05F0B724A8AFA00033F768 = {
						CreatedOnToolsVersion = 11.5;
					};
				};
			};
			buildConfigurationList = 3B05F0B324A8AFA00033F768 /* Build configuration list for PBXProject "WidgetDemo" */;
			compatibilityVersion = "Xcode 9.3";
			developmentRegion = en;
			hasScannedForEncodings = 0;
			knownRegions = (
				en,
				Base,
			);
			mainGroup = 3B05F0AF24A8AFA00033F768;
			productRefGroup = 3B05F0B924A8AFA00033F768 /* Products */;
			projectDirPath = "";
			projectRoot = "";
			targets = (
				3B05F0B724A8AFA00033F768 /* WidgetDemo */,
			);
		};
/* End PBXProject section */

/* Begin PBXResourcesBuildPhase section */
		3B05F0B624A8AFA00033F768 /* Resources */ = {
			isa = PBXResourcesBuildPhase;
			buildActionMask = 2147483647;
			files = (
				3B05F0C824A8AFA00033F768 /* LaunchScreen.storyboard in Resources */,
				3B05F0C524A8AFA00033F768 /* Preview Assets.xcassets in Resources */,
				3B05F0C224A8AFA00033F768 /* Assets.xcassets in Resources */,
			);
			runOnlyForDeploymentPostprocessing = 0;
		};
/* End PBXResourcesBuildPhase section */

/* Begin PBXSourcesBuildPhase section */
		3B05F0B424A8AFA00033F768 /* Sources */ = {
			isa = PBXSourcesBuildPhase;
			buildActionMask = 2147483647;
			files = (
				3B05F0BC24A8AFA00033F768 /* AppDelegate.swift in Sources */,
				3B05F0D124A8B09B0033F768 /* StatusData.swift in Sources */,
				3B05F0BE24A8AFA00033F768 /* SceneDelegate.swift in Sources */,
				3BA5E93324A8B31800736B3D /* ColorUtility.swift in Sources */,
				3B05F0C024A8AFA00033F768 /* ContentView.swift in Sources */,
			);
			runOnlyForDeploymentPostprocessing = 0;
		};
/* End PBXSourcesBuildPhase section */

/* Begin PBXVariantGroup section */
		3B05F0C624A8AFA00033F768 /* LaunchScreen.storyboard */ = {
			isa = PBXVariantGroup;
			children = (
				3B05F0C724A8AFA00033F768 /* Base */,
			);
			name = LaunchScreen.storyboard;
			sourceTree = "<group>";
		};
/* End PBXVariantGroup section */

/* Begin XCBuildConfiguration section */
		3B05F0CA24A8AFA00033F768 /* Debug */ = {
			isa = XCBuildConfiguration;
			buildSettings = {
				ALWAYS_SEARCH_USER_PATHS = NO;
				CLANG_ANALYZER_NONNULL = YES;
				CLANG_ANALYZER_NUMBER_OBJECT_CONVERSION = YES_AGGRESSIVE;
				CLANG_CXX_LANGUAGE_STANDARD = "gnu++14";
				CLANG_CXX_LIBRARY = "libc++";
				CLANG_ENABLE_MODULES = YES;
				CLANG_ENABLE_OBJC_ARC = YES;
				CLANG_ENABLE_OBJC_WEAK = YES;
				CLANG_WARN_BLOCK_CAPTURE_AUTORELEASING = YES;
				CLANG_WARN_BOOL_CONVERSION = YES;
				CLANG_WARN_COMMA = YES;
				CLANG_WARN_CONSTANT_CONVERSION = YES;
				CLANG_WARN_DEPRECATED_OBJC_IMPLEMENTATIONS = YES;
				CLANG_WARN_DIRECT_OBJC_ISA_USAGE = YES_ERROR;
				CLANG_WARN_DOCUMENTATION_COMMENTS = YES;
				CLANG_WARN_EMPTY_BODY = YES;
				CLANG_WARN_ENUM_CONVERSION = YES;
				CLANG_WARN_INFINITE_RECURSION = YES;
				CLANG_WARN_INT_CONVERSION = YES;
				CLANG_WARN_NON_LITERAL_NULL_CONVERSION = YES;
				CLANG_WARN_OBJC_IMPLICIT_RETAIN_SELF = YES;
				CLANG_WARN_OBJC_LITERAL_CONVERSION = YES;
				CLANG_WARN_OBJC_ROOT_CLASS = YES_ERROR;
				CLANG_WARN_QUOTED_INCLUDE_IN_FRAMEWORK_HEADER = YES;
				CLANG_WARN_RANGE_LOOP_ANALYSIS = YES;
				CLANG_WARN_STRICT_PROTOTYPES = YES;
				CLANG_WARN_SUSPICIOUS_MOVE = YES;
				CLANG_WARN_UNGUARDED_AVAILABILITY = YES_AGGRESSIVE;
				CLANG_WARN_UNREACHABLE_CODE = YES;
				CLANG_WARN__DUPLICATE_METHOD_MATCH = YES;
				COPY_PHASE_STRIP = NO;
				DEBUG_INFORMATION_FORMAT = dwarf;
				ENABLE_STRICT_OBJC_MSGSEND = YES;
				ENABLE_TESTABILITY = YES;
				GCC_C_LANGUAGE_STANDARD = gnu11;
				GCC_DYNAMIC_NO_PIC = NO;
				GCC_NO_COMMON_BLOCKS = YES;
				GCC_OPTIMIZATION_LEVEL = 0;
				GCC_PREPROCESSOR_DEFINITIONS = (
					"DEBUG=1",
					"$(inherited)",
				);
				GCC_WARN_64_TO_32_BIT_CONVERSION = YES;
				GCC_WARN_ABOUT_RETURN_TYPE = YES_ERROR;
				GCC_WARN_UNDECLARED_SELECTOR = YES;
				GCC_WARN_UNINITIALIZED_AUTOS = YES_AGGRESSIVE;
				GCC_WARN_UNUSED_FUNCTION = YES;
				GCC_WARN_UNUSED_VARIABLE = YES;
				IPHONEOS_DEPLOYMENT_TARGET = 13.5;
				MTL_ENABLE_DEBUG_INFO = INCLUDE_SOURCE;
				MTL_FAST_MATH = YES;
				ONLY_ACTIVE_ARCH = YES;
				SDKROOT = iphoneos;
				SWIFT_ACTIVE_COMPILATION_CONDITIONS = DEBUG;
				SWIFT_OPTIMIZATION_LEVEL = "-Onone";
			};
			name = Debug;
		};
		3B05F0CB24A8AFA00033F768 /* Release */ = {
			isa = XCBuildConfiguration;
			buildSettings = {
				ALWAYS_SEARCH_USER_PATHS = NO;
				CLANG_ANALYZER_NONNULL = YES;
				CLANG_ANALYZER_NUMBER_OBJECT_CONVERSION = YES_AGGRESSIVE;
				CLANG_CXX_LANGUAGE_STANDARD = "gnu++14";
				CLANG_CXX_LIBRARY = "libc++";
				CLANG_ENABLE_MODULES = YES;
				CLANG_ENABLE_OBJC_ARC = YES;
				CLANG_ENABLE_OBJC_WEAK = YES;
				CLANG_WARN_BLOCK_CAPTURE_AUTORELEASING = YES;
				CLANG_WARN_BOOL_CONVERSION = YES;
				CLANG_WARN_COMMA = YES;
				CLANG_WARN_CONSTANT_CONVERSION = YES;
				CLANG_WARN_DEPRECATED_OBJC_IMPLEMENTATIONS = YES;
				CLANG_WARN_DIRECT_OBJC_ISA_USAGE = YES_ERROR;
				CLANG_WARN_DOCUMENTATION_COMMENTS = YES;
				CLANG_WARN_EMPTY_BODY = YES;
				CLANG_WARN_ENUM_CONVERSION = YES;
				CLANG_WARN_INFINITE_RECURSION = YES;
				CLANG_WARN_INT_CONVERSION = YES;
				CLANG_WARN_NON_LITERAL_NULL_CONVERSION = YES;
				CLANG_WARN_OBJC_IMPLICIT_RETAIN_SELF = YES;
				CLANG_WARN_OBJC_LITERAL_CONVERSION = YES;
				CLANG_WARN_OBJC_ROOT_CLASS = YES_ERROR;
				CLANG_WARN_QUOTED_INCLUDE_IN_FRAMEWORK_HEADER = YES;
				CLANG_WARN_RANGE_LOOP_ANALYSIS = YES;
				CLANG_WARN_STRICT_PROTOTYPES = YES;
				CLANG_WARN_SUSPICIOUS_MOVE = YES;
				CLANG_WARN_UNGUARDED_AVAILABILITY = YES_AGGRESSIVE;
				CLANG_WARN_UNREACHABLE_CODE = YES;
				CLANG_WARN__DUPLICATE_METHOD_MATCH = YES;
				COPY_PHASE_STRIP = NO;
				DEBUG_INFORMATION_FORMAT = "dwarf-with-dsym";
				ENABLE_NS_ASSERTIONS = NO;
				ENABLE_STRICT_OBJC_MSGSEND = YES;
				GCC_C_LANGUAGE_STANDARD = gnu11;
				GCC_NO_COMMON_BLOCKS = YES;
				GCC_WARN_64_TO_32_BIT_CONVERSION = YES;
				GCC_WARN_ABOUT_RETURN_TYPE = YES_ERROR;
				GCC_WARN_UNDECLARED_SELECTOR = YES;
				GCC_WARN_UNINITIALIZED_AUTOS = YES_AGGRESSIVE;
				GCC_WARN_UNUSED_FUNCTION = YES;
				GCC_WARN_UNUSED_VARIABLE = YES;
				IPHONEOS_DEPLOYMENT_TARGET = 13.5;
				MTL_ENABLE_DEBUG_INFO = NO;
				MTL_FAST_MATH = YES;
				SDKROOT = iphoneos;
				SWIFT_COMPILATION_MODE = wholemodule;
				SWIFT_OPTIMIZATION_LEVEL = "-O";
				VALIDATE_PRODUCT = YES;
			};
			name = Release;
		};
		3B05F0CD24A8AFA00033F768 /* Debug */ = {
			isa = XCBuildConfiguration;
			buildSettings = {
				ASSETCATALOG_COMPILER_APPICON_NAME = AppIcon;
				CODE_SIGN_STYLE = Automatic;
				DEVELOPMENT_ASSET_PATHS = "\"WidgetDemo/Preview Content\"";
				DEVELOPMENT_TEAM = NUP7C5F5WD;
				ENABLE_PREVIEWS = YES;
				INFOPLIST_FILE = WidgetDemo/Info.plist;
				LD_RUNPATH_SEARCH_PATHS = (
					"$(inherited)",
					"@executable_path/Frameworks",
				);
				PRODUCT_BUNDLE_IDENTIFIER = com.TZ.WidgetDemo;
				PRODUCT_NAME = "$(TARGET_NAME)";
				SWIFT_VERSION = 5.0;
				TARGETED_DEVICE_FAMILY = "1,2";
			};
			name = Debug;
		};
		3B05F0CE24A8AFA00033F768 /* Release */ = {
			isa = XCBuildConfiguration;
			buildSettings = {
				ASSETCATALOG_COMPILER_APPICON_NAME = AppIcon;
				CODE_SIGN_STYLE = Automatic;
				DEVELOPMENT_ASSET_PATHS = "\"WidgetDemo/Preview Content\"";
				DEVELOPMENT_TEAM = NUP7C5F5WD;
				ENABLE_PREVIEWS = YES;
				INFOPLIST_FILE = WidgetDemo/Info.plist;
				LD_RUNPATH_SEARCH_PATHS = (
					"$(inherited)",
					"@executable_path/Frameworks",
				);
				PRODUCT_BUNDLE_IDENTIFIER = com.TZ.WidgetDemo;
				PRODUCT_NAME = "$(TARGET_NAME)";
				SWIFT_VERSION = 5.0;
				TARGETED_DEVICE_FAMILY = "1,2";
			};
			name = Release;
		};
/* End XCBuildConfiguration section */

/* Begin XCConfigurationList section */
		3B05F0B324A8AFA00033F768 /* Build configuration list for PBXProject "WidgetDemo" */ = {
			isa = XCConfigurationList;
			buildConfigurations = (
				3B05F0CA24A8AFA00033F768 /* Debug */,
				3B05F0CB24A8AFA00033F768 /* Release */,
			);
			defaultConfigurationIsVisible = 0;
			defaultConfigurationName = Release;
		};
		3B05F0CC24A8AFA00033F768 /* Build configuration list for PBXNativeTarget "WidgetDemo" */ = {
			isa = XCConfigurationList;
			buildConfigurations = (
				3B05F0CD24A8AFA00033F768 /* Debug */,
				3B05F0CE24A8AFA00033F768 /* Release */,
			);
			defaultConfigurationIsVisible = 0;
			defaultConfigurationName = Release;
		};
/* End XCConfigurationList section */
	};
	rootObject = 3B05F0B024A8AFA00033F768 /* Project object */;
}
